// !$*UTF8*$!
{
	archiveVersion = 1;
	classes = {
	};
	objectVersion = 50;
	objects = {

/* Begin PBXBuildFile section */
		32012305096AF8FADC63ED83 /* Pods_petMeetUp.framework in Frameworks */ = {isa = PBXBuildFile; fileRef = 07FB7889B61205129611DFA6 /* Pods_petMeetUp.framework */; };
		FF248F3B217F04E800D28489 /* AppDelegate.swift in Sources */ = {isa = PBXBuildFile; fileRef = FF248F3A217F04E800D28489 /* AppDelegate.swift */; };
		FF248F3D217F04E800D28489 /* LoginViewContoller.swift in Sources */ = {isa = PBXBuildFile; fileRef = FF248F3C217F04E800D28489 /* LoginViewContoller.swift */; };
		FF248F40217F04E800D28489 /* Main.storyboard in Resources */ = {isa = PBXBuildFile; fileRef = FF248F3E217F04E800D28489 /* Main.storyboard */; };
		FF248F43217F04E800D28489 /* petMeetUp.xcdatamodeld in Sources */ = {isa = PBXBuildFile; fileRef = FF248F41217F04E800D28489 /* petMeetUp.xcdatamodeld */; };
		FF248F45217F04E900D28489 /* Assets.xcassets in Resources */ = {isa = PBXBuildFile; fileRef = FF248F44217F04E900D28489 /* Assets.xcassets */; };
		FF248F48217F04E900D28489 /* LaunchScreen.storyboard in Resources */ = {isa = PBXBuildFile; fileRef = FF248F46217F04E900D28489 /* LaunchScreen.storyboard */; };
		FF248F50217F38C800D28489 /* GoogleService-Info.plist in Resources */ = {isa = PBXBuildFile; fileRef = FF248F4F217F38C800D28489 /* GoogleService-Info.plist */; };
		FF248F52217F550300D28489 /* HomeViewController.swift in Sources */ = {isa = PBXBuildFile; fileRef = FF248F51217F550300D28489 /* HomeViewController.swift */; };
/* End PBXBuildFile section */

/* Begin PBXFileReference section */
		07FB7889B61205129611DFA6 /* Pods_petMeetUp.framework */ = {isa = PBXFileReference; explicitFileType = wrapper.framework; includeInIndex = 0; path = Pods_petMeetUp.framework; sourceTree = BUILT_PRODUCTS_DIR; };
		92F06F9B78C8A39D4DC126D0 /* Pods-petMeetUp.debug.xcconfig */ = {isa = PBXFileReference; includeInIndex = 1; lastKnownFileType = text.xcconfig; name = "Pods-petMeetUp.debug.xcconfig"; path = "Pods/Target Support Files/Pods-petMeetUp/Pods-petMeetUp.debug.xcconfig"; sourceTree = "<group>"; };
		CB057E423231C6EC4521360B /* Pods-petMeetUp.release.xcconfig */ = {isa = PBXFileReference; includeInIndex = 1; lastKnownFileType = text.xcconfig; name = "Pods-petMeetUp.release.xcconfig"; path = "Pods/Target Support Files/Pods-petMeetUp/Pods-petMeetUp.release.xcconfig"; sourceTree = "<group>"; };
		FF248F37217F04E800D28489 /* petMeetUp.app */ = {isa = PBXFileReference; explicitFileType = wrapper.application; includeInIndex = 0; path = petMeetUp.app; sourceTree = BUILT_PRODUCTS_DIR; };
		FF248F3A217F04E800D28489 /* AppDelegate.swift */ = {isa = PBXFileReference; lastKnownFileType = sourcecode.swift; path = AppDelegate.swift; sourceTree = "<group>"; };
		FF248F3C217F04E800D28489 /* LoginViewContoller.swift */ = {isa = PBXFileReference; lastKnownFileType = sourcecode.swift; path = LoginViewContoller.swift; sourceTree = "<group>"; };
		FF248F3F217F04E800D28489 /* Base */ = {isa = PBXFileReference; lastKnownFileType = file.storyboard; name = Base; path = Base.lproj/Main.storyboard; sourceTree = "<group>"; };
		FF248F42217F04E800D28489 /* petMeetUp.xcdatamodel */ = {isa = PBXFileReference; lastKnownFileType = wrapper.xcdatamodel; path = petMeetUp.xcdatamodel; sourceTree = "<group>"; };
		FF248F44217F04E900D28489 /* Assets.xcassets */ = {isa = PBXFileReference; lastKnownFileType = folder.assetcatalog; path = Assets.xcassets; sourceTree = "<group>"; };
		FF248F47217F04E900D28489 /* Base */ = {isa = PBXFileReference; lastKnownFileType = file.storyboard; name = Base; path = Base.lproj/LaunchScreen.storyboard; sourceTree = "<group>"; };
		FF248F49217F04E900D28489 /* Info.plist */ = {isa = PBXFileReference; lastKnownFileType = text.plist.xml; path = Info.plist; sourceTree = "<group>"; };
		FF248F4F217F38C800D28489 /* GoogleService-Info.plist */ = {isa = PBXFileReference; fileEncoding = 4; lastKnownFileType = text.plist.xml; name = "GoogleService-Info.plist"; path = "../../GoogleService-Info.plist"; sourceTree = "<group>"; };
		FF248F51217F550300D28489 /* HomeViewController.swift */ = {isa = PBXFileReference; lastKnownFileType = sourcecode.swift; path = HomeViewController.swift; sourceTree = "<group>"; };
/* End PBXFileReference section */

/* Begin PBXFrameworksBuildPhase section */
		FF248F34217F04E800D28489 /* Frameworks */ = {
			isa = PBXFrameworksBuildPhase;
			buildActionMask = 2147483647;
			files = (
				32012305096AF8FADC63ED83 /* Pods_petMeetUp.framework in Frameworks */,
			);
			runOnlyForDeploymentPostprocessing = 0;
		};
/* End PBXFrameworksBuildPhase section */

/* Begin PBXGroup section */
		298BB36A052E32DF6E5E00CF /* Pods */ = {
			isa = PBXGroup;
			children = (
				92F06F9B78C8A39D4DC126D0 /* Pods-petMeetUp.debug.xcconfig */,
				CB057E423231C6EC4521360B /* Pods-petMeetUp.release.xcconfig */,
			);
			name = Pods;
			sourceTree = "<group>";
		};
		A50BBA99511AF02CFDA68B6F /* Frameworks */ = {
			isa = PBXGroup;
			children = (
				07FB7889B61205129611DFA6 /* Pods_petMeetUp.framework */,
			);
			name = Frameworks;
			sourceTree = "<group>";
		};
		FF248F2E217F04E700D28489 = {
			isa = PBXGroup;
			children = (
				FF248F39217F04E800D28489 /* petMeetUp */,
				FF248F38217F04E800D28489 /* Products */,
				298BB36A052E32DF6E5E00CF /* Pods */,
				A50BBA99511AF02CFDA68B6F /* Frameworks */,
			);
			sourceTree = "<group>";
		};
		FF248F38217F04E800D28489 /* Products */ = {
			isa = PBXGroup;
			children = (
				FF248F37217F04E800D28489 /* petMeetUp.app */,
			);
			name = Products;
			sourceTree = "<group>";
		};
		FF248F39217F04E800D28489 /* petMeetUp */ = {
			isa = PBXGroup;
			children = (
				FF248F3A217F04E800D28489 /* AppDelegate.swift */,
				FF248F3C217F04E800D28489 /* LoginViewContoller.swift */,
				FF248F51217F550300D28489 /* HomeViewController.swift */,
				FF248F3E217F04E800D28489 /* Main.storyboard */,
				FF248F44217F04E900D28489 /* Assets.xcassets */,
				FF248F4F217F38C800D28489 /* GoogleService-Info.plist */,
				FF248F46217F04E900D28489 /* LaunchScreen.storyboard */,
				FF248F49217F04E900D28489 /* Info.plist */,
				FF248F41217F04E800D28489 /* petMeetUp.xcdatamodeld */,
			);
			path = petMeetUp;
			sourceTree = "<group>";
		};
/* End PBXGroup section */

/* Begin PBXNativeTarget section */
		FF248F36217F04E800D28489 /* petMeetUp */ = {
			isa = PBXNativeTarget;
			buildConfigurationList = FF248F4C217F04E900D28489 /* Build configuration list for PBXNativeTarget "petMeetUp" */;
			buildPhases = (
				2B81F24C1460BB67756084AB /* [CP] Check Pods Manifest.lock */,
				FF248F33217F04E800D28489 /* Sources */,
				FF248F34217F04E800D28489 /* Frameworks */,
				FF248F35217F04E800D28489 /* Resources */,
				334189AE05CB3D6173C5E604 /* [CP] Embed Pods Frameworks */,
			);
			buildRules = (
			);
			dependencies = (
			);
			name = petMeetUp;
			productName = petMeetUp;
			productReference = FF248F37217F04E800D28489 /* petMeetUp.app */;
			productType = "com.apple.product-type.application";
		};
/* End PBXNativeTarget section */

/* Begin PBXProject section */
		FF248F2F217F04E700D28489 /* Project object */ = {
			isa = PBXProject;
			attributes = {
				LastSwiftUpdateCheck = 0940;
				LastUpgradeCheck = 0940;
				ORGANIZATIONNAME = "Imran Shah";
				TargetAttributes = {
					FF248F36217F04E800D28489 = {
						CreatedOnToolsVersion = 9.4.1;
					};
				};
			};
			buildConfigurationList = FF248F32217F04E700D28489 /* Build configuration list for PBXProject "petMeetUp" */;
			compatibilityVersion = "Xcode 9.3";
			developmentRegion = en;
			hasScannedForEncodings = 0;
			knownRegions = (
				en,
				Base,
			);
			mainGroup = FF248F2E217F04E700D28489;
			productRefGroup = FF248F38217F04E800D28489 /* Products */;
			projectDirPath = "";
			projectRoot = "";
			targets = (
				FF248F36217F04E800D28489 /* petMeetUp */,
			);
		};
/* End PBXProject section */

/* Begin PBXResourcesBuildPhase section */
		FF248F35217F04E800D28489 /* Resources */ = {
			isa = PBXResourcesBuildPhase;
			buildActionMask = 2147483647;
			files = (
				FF248F48217F04E900D28489 /* LaunchScreen.storyboard in Resources */,
				FF248F50217F38C800D28489 /* GoogleService-Info.plist in Resources */,
				FF248F45217F04E900D28489 /* Assets.xcassets in Resources */,
				FF248F40217F04E800D28489 /* Main.storyboard in Resources */,
			);
			runOnlyForDeploymentPostprocessing = 0;
		};
/* End PBXResourcesBuildPhase section */

/* Begin PBXShellScriptBuildPhase section */
		2B81F24C1460BB67756084AB /* [CP] Check Pods Manifest.lock */ = {
			isa = PBXShellScriptBuildPhase;
			buildActionMask = 2147483647;
			files = (
			);
			inputPaths = (
				"${PODS_PODFILE_DIR_PATH}/Podfile.lock",
				"${PODS_ROOT}/Manifest.lock",
			);
			name = "[CP] Check Pods Manifest.lock";
			outputPaths = (
				"$(DERIVED_FILE_DIR)/Pods-petMeetUp-checkManifestLockResult.txt",
			);
			runOnlyForDeploymentPostprocessing = 0;
			shellPath = /bin/sh;
			shellScript = "diff \"${PODS_PODFILE_DIR_PATH}/Podfile.lock\" \"${PODS_ROOT}/Manifest.lock\" > /dev/null\nif [ $? != 0 ] ; then\n    # print error to STDERR\n    echo \"error: The sandbox is not in sync with the Podfile.lock. Run 'pod install' or update your CocoaPods installation.\" >&2\n    exit 1\nfi\n# This output is used by Xcode 'outputs' to avoid re-running this script phase.\necho \"SUCCESS\" > \"${SCRIPT_OUTPUT_FILE_0}\"\n";
			showEnvVarsInLog = 0;
		};
		334189AE05CB3D6173C5E604 /* [CP] Embed Pods Frameworks */ = {
			isa = PBXShellScriptBuildPhase;
			buildActionMask = 2147483647;
			files = (
			);
			inputPaths = (
				"${SRCROOT}/Pods/Target Support Files/Pods-petMeetUp/Pods-petMeetUp-frameworks.sh",
				"${BUILT_PRODUCTS_DIR}/GTMSessionFetcher/GTMSessionFetcher.framework",
				"${BUILT_PRODUCTS_DIR}/GoogleUtilities/GoogleUtilities.framework",
				"${BUILT_PRODUCTS_DIR}/leveldb-library/leveldb.framework",
				"${BUILT_PRODUCTS_DIR}/nanopb/nanopb.framework",
			);
			name = "[CP] Embed Pods Frameworks";
			outputPaths = (
				"${TARGET_BUILD_DIR}/${FRAMEWORKS_FOLDER_PATH}/GTMSessionFetcher.framework",
				"${TARGET_BUILD_DIR}/${FRAMEWORKS_FOLDER_PATH}/GoogleUtilities.framework",
				"${TARGET_BUILD_DIR}/${FRAMEWORKS_FOLDER_PATH}/leveldb.framework",
				"${TARGET_BUILD_DIR}/${FRAMEWORKS_FOLDER_PATH}/nanopb.framework",
			);
			runOnlyForDeploymentPostprocessing = 0;
			shellPath = /bin/sh;
			shellScript = "\"${SRCROOT}/Pods/Target Support Files/Pods-petMeetUp/Pods-petMeetUp-frameworks.sh\"\n";
			showEnvVarsInLog = 0;
		};
/* End PBXShellScriptBuildPhase section */

/* Begin PBXSourcesBuildPhase section */
		FF248F33217F04E800D28489 /* Sources */ = {
			isa = PBXSourcesBuildPhase;
			buildActionMask = 2147483647;
			files = (
				FF248F3D217F04E800D28489 /* LoginViewContoller.swift in Sources */,
				FF248F43217F04E800D28489 /* petMeetUp.xcdatamodeld in Sources */,
				FF248F3B217F04E800D28489 /* AppDelegate.swift in Sources */,
				FF248F52217F550300D28489 /* HomeViewController.swift in Sources */,
			);
			runOnlyForDeploymentPostprocessing = 0;
		};
/* End PBXSourcesBuildPhase section */

/* Begin PBXVariantGroup section */
		FF248F3E217F04E800D28489 /* Main.storyboard */ = {
			isa = PBXVariantGroup;
			children = (
				FF248F3F217F04E800D28489 /* Base */,
			);
			name = Main.storyboard;
			sourceTree = "<group>";
		};
		FF248F46217F04E900D28489 /* LaunchScreen.storyboard */ = {
			isa = PBXVariantGroup;
			children = (
				FF248F47217F04E900D28489 /* Base */,
			);
			name = LaunchScreen.storyboard;
			sourceTree = "<group>";
		};
/* End PBXVariantGroup section */

/* Begin XCBuildConfiguration section */
		FF248F4A217F04E900D28489 /* Debug */ = {
			isa = XCBuildConfiguration;
			buildSettings = {
				ALWAYS_SEARCH_USER_PATHS = NO;
				CLANG_ANALYZER_NONNULL = YES;
				CLANG_ANALYZER_NUMBER_OBJECT_CONVERSION = YES_AGGRESSIVE;
				CLANG_CXX_LANGUAGE_STANDARD = "gnu++14";
				CLANG_CXX_LIBRARY = "libc++";
				CLANG_ENABLE_MODULES = YES;
				CLANG_ENABLE_OBJC_ARC = YES;
				CLANG_ENABLE_OBJC_WEAK = YES;
				CLANG_WARN_BLOCK_CAPTURE_AUTORELEASING = YES;
				CLANG_WARN_BOOL_CONVERSION = YES;
				CLANG_WARN_COMMA = YES;
				CLANG_WARN_CONSTANT_CONVERSION = YES;
				CLANG_WARN_DEPRECATED_OBJC_IMPLEMENTATIONS = YES;
				CLANG_WARN_DIRECT_OBJC_ISA_USAGE = YES_ERROR;
				CLANG_WARN_DOCUMENTATION_COMMENTS = YES;
				CLANG_WARN_EMPTY_BODY = YES;
				CLANG_WARN_ENUM_CONVERSION = YES;
				CLANG_WARN_INFINITE_RECURSION = YES;
				CLANG_WARN_INT_CONVERSION = YES;
				CLANG_WARN_NON_LITERAL_NULL_CONVERSION = YES;
				CLANG_WARN_OBJC_IMPLICIT_RETAIN_SELF = YES;
				CLANG_WARN_OBJC_LITERAL_CONVERSION = YES;
				CLANG_WARN_OBJC_ROOT_CLASS = YES_ERROR;
				CLANG_WARN_RANGE_LOOP_ANALYSIS = YES;
				CLANG_WARN_STRICT_PROTOTYPES = YES;
				CLANG_WARN_SUSPICIOUS_MOVE = YES;
				CLANG_WARN_UNGUARDED_AVAILABILITY = YES_AGGRESSIVE;
				CLANG_WARN_UNREACHABLE_CODE = YES;
				CLANG_WARN__DUPLICATE_METHOD_MATCH = YES;
				CODE_SIGN_IDENTITY = "iPhone Developer";
				COPY_PHASE_STRIP = NO;
				DEBUG_INFORMATION_FORMAT = dwarf;
				ENABLE_STRICT_OBJC_MSGSEND = YES;
				ENABLE_TESTABILITY = YES;
				GCC_C_LANGUAGE_STANDARD = gnu11;
				GCC_DYNAMIC_NO_PIC = NO;
				GCC_NO_COMMON_BLOCKS = YES;
				GCC_OPTIMIZATION_LEVEL = 0;
				GCC_PREPROCESSOR_DEFINITIONS = (
					"DEBUG=1",
					"$(inherited)",
				);
				GCC_WARN_64_TO_32_BIT_CONVERSION = YES;
				GCC_WARN_ABOUT_RETURN_TYPE = YES_ERROR;
				GCC_WARN_UNDECLARED_SELECTOR = YES;
				GCC_WARN_UNINITIALIZED_AUTOS = YES_AGGRESSIVE;
				GCC_WARN_UNUSED_FUNCTION = YES;
				GCC_WARN_UNUSED_VARIABLE = YES;
				IPHONEOS_DEPLOYMENT_TARGET = 11.4;
				MTL_ENABLE_DEBUG_INFO = YES;
				ONLY_ACTIVE_ARCH = YES;
				SDKROOT = iphoneos;
				SWIFT_ACTIVE_COMPILATION_CONDITIONS = DEBUG;
				SWIFT_OPTIMIZATION_LEVEL = "-Onone";
			};
			name = Debug;
		};
		FF248F4B217F04E900D28489 /* Release */ = {
			isa = XCBuildConfiguration;
			buildSettings = {
				ALWAYS_SEARCH_USER_PATHS = NO;
				CLANG_ANALYZER_NONNULL = YES;
				CLANG_ANALYZER_NUMBER_OBJECT_CONVERSION = YES_AGGRESSIVE;
				CLANG_CXX_LANGUAGE_STANDARD = "gnu++14";
				CLANG_CXX_LIBRARY = "libc++";
				CLANG_ENABLE_MODULES = YES;
				CLANG_ENABLE_OBJC_ARC = YES;
				CLANG_ENABLE_OBJC_WEAK = YES;
				CLANG_WARN_BLOCK_CAPTURE_AUTORELEASING = YES;
				CLANG_WARN_BOOL_CONVERSION = YES;
				CLANG_WARN_COMMA = YES;
				CLANG_WARN_CONSTANT_CONVERSION = YES;
				CLANG_WARN_DEPRECATED_OBJC_IMPLEMENTATIONS = YES;
				CLANG_WARN_DIRECT_OBJC_ISA_USAGE = YES_ERROR;
				CLANG_WARN_DOCUMENTATION_COMMENTS = YES;
				CLANG_WARN_EMPTY_BODY = YES;
				CLANG_WARN_ENUM_CONVERSION = YES;
				CLANG_WARN_INFINITE_RECURSION = YES;
				CLANG_WARN_INT_CONVERSION = YES;
				CLANG_WARN_NON_LITERAL_NULL_CONVERSION = YES;
				CLANG_WARN_OBJC_IMPLICIT_RETAIN_SELF = YES;
				CLANG_WARN_OBJC_LITERAL_CONVERSION = YES;
				CLANG_WARN_OBJC_ROOT_CLASS = YES_ERROR;
				CLANG_WARN_RANGE_LOOP_ANALYSIS = YES;
				CLANG_WARN_STRICT_PROTOTYPES = YES;
				CLANG_WARN_SUSPICIOUS_MOVE = YES;
				CLANG_WARN_UNGUARDED_AVAILABILITY = YES_AGGRESSIVE;
				CLANG_WARN_UNREACHABLE_CODE = YES;
				CLANG_WARN__DUPLICATE_METHOD_MATCH = YES;
				CODE_SIGN_IDENTITY = "iPhone Developer";
				COPY_PHASE_STRIP = NO;
				DEBUG_INFORMATION_FORMAT = "dwarf-with-dsym";
				ENABLE_NS_ASSERTIONS = NO;
				ENABLE_STRICT_OBJC_MSGSEND = YES;
				GCC_C_LANGUAGE_STANDARD = gnu11;
				GCC_NO_COMMON_BLOCKS = YES;
				GCC_WARN_64_TO_32_BIT_CONVERSION = YES;
				GCC_WARN_ABOUT_RETURN_TYPE = YES_ERROR;
				GCC_WARN_UNDECLARED_SELECTOR = YES;
				GCC_WARN_UNINITIALIZED_AUTOS = YES_AGGRESSIVE;
				GCC_WARN_UNUSED_FUNCTION = YES;
				GCC_WARN_UNUSED_VARIABLE = YES;
				IPHONEOS_DEPLOYMENT_TARGET = 11.4;
				MTL_ENABLE_DEBUG_INFO = NO;
				SDKROOT = iphoneos;
				SWIFT_COMPILATION_MODE = wholemodule;
				SWIFT_OPTIMIZATION_LEVEL = "-O";
				VALIDATE_PRODUCT = YES;
			};
			name = Release;
		};
		FF248F4D217F04E900D28489 /* Debug */ = {
			isa = XCBuildConfiguration;
			baseConfigurationReference = 92F06F9B78C8A39D4DC126D0 /* Pods-petMeetUp.debug.xcconfig */;
			buildSettings = {
				ASSETCATALOG_COMPILER_APPICON_NAME = AppIcon;
				CODE_SIGN_STYLE = Automatic;
				DEVELOPMENT_TEAM = LM67982NF5;
				INFOPLIST_FILE = petMeetUp/Info.plist;
				LD_RUNPATH_SEARCH_PATHS = (
					"$(inherited)",
					"@executable_path/Frameworks",
				);
				PRODUCT_BUNDLE_IDENTIFIER = aicreations.com.pk.petMeetUp;
				PRODUCT_NAME = "$(TARGET_NAME)";
				SWIFT_VERSION = 4.0;
				TARGETED_DEVICE_FAMILY = "1,2";
			};
			name = Debug;
		};
		FF248F4E217F04E900D28489 /* Release */ = {
			isa = XCBuildConfiguration;
			baseConfigurationReference = CB057E423231C6EC4521360B /* Pods-petMeetUp.release.xcconfig */;
			buildSettings = {
				ASSETCATALOG_COMPILER_APPICON_NAME = AppIcon;
				CODE_SIGN_STYLE = Automatic;
				DEVELOPMENT_TEAM = LM67982NF5;
				INFOPLIST_FILE = petMeetUp/Info.plist;
				LD_RUNPATH_SEARCH_PATHS = (
					"$(inherited)",
					"@executable_path/Frameworks",
				);
				PRODUCT_BUNDLE_IDENTIFIER = aicreations.com.pk.petMeetUp;
				PRODUCT_NAME = "$(TARGET_NAME)";
				SWIFT_VERSION = 4.0;
				TARGETED_DEVICE_FAMILY = "1,2";
			};
			name = Release;
		};
/* End XCBuildConfiguration section */

/* Begin XCConfigurationList section */
		FF248F32217F04E700D28489 /* Build configuration list for PBXProject "petMeetUp" */ = {
			isa = XCConfigurationList;
			buildConfigurations = (
				FF248F4A217F04E900D28489 /* Debug */,
				FF248F4B217F04E900D28489 /* Release */,
			);
			defaultConfigurationIsVisible = 0;
			defaultConfigurationName = Release;
		};
		FF248F4C217F04E900D28489 /* Build configuration list for PBXNativeTarget "petMeetUp" */ = {
			isa = XCConfigurationList;
			buildConfigurations = (
				FF248F4D217F04E900D28489 /* Debug */,
				FF248F4E217F04E900D28489 /* Release */,
			);
			defaultConfigurationIsVisible = 0;
			defaultConfigurationName = Release;
		};
/* End XCConfigurationList section */

/* Begin XCVersionGroup section */
		FF248F41217F04E800D28489 /* petMeetUp.xcdatamodeld */ = {
			isa = XCVersionGroup;
			children = (
				FF248F42217F04E800D28489 /* petMeetUp.xcdatamodel */,
			);
			currentVersion = FF248F42217F04E800D28489 /* petMeetUp.xcdatamodel */;
			path = petMeetUp.xcdatamodeld;
			sourceTree = "<group>";
			versionGroupType = wrapper.xcdatamodel;
		};
/* End XCVersionGroup section */
	};
	rootObject = FF248F2F217F04E700D28489 /* Project object */;
}
